{
    "name": "typescript-express-rest-api",
    "version": "1.0.16",
    "lockfileVersion": 1,
    "requires": true,
    "dependencies": {
        "@types/caseless": {
            "version": "0.12.1",
            "resolved": "https://registry.npmjs.org/@types/caseless/-/caseless-0.12.1.tgz",
            "integrity": "sha512-FhlMa34NHp9K5MY1Uz8yb+ZvuX0pnvn3jScRSNAb75KHGB8d3rEU6hqMs3Z2vjuytcMfRg6c5CHMc3wtYyD2/A=="
        },
        "@types/form-data": {
            "version": "2.2.1",
            "resolved": "https://registry.npmjs.org/@types/form-data/-/form-data-2.2.1.tgz",
            "integrity": "sha512-JAMFhOaHIciYVh8fb5/83nmuO/AHwmto+Hq7a9y8FzLDcC1KCU344XDOMEmahnrTFlHjgh4L0WJFczNIX2GxnQ==",
            "requires": {
                "@types/node": "10.3.1"
            },
            "dependencies": {
                "@types/node": {
                    "version": "10.3.1",
                    "resolved": "https://registry.npmjs.org/@types/node/-/node-10.3.1.tgz",
                    "integrity": "sha512-IsX9aDHDzJohkm3VCDB8tkzl5RQ34E/PFA29TQk6uDGb7Oc869ZBtmdKVDBzY3+h9GnXB8ssrRXEPVZrlIOPOw=="
                }
            }
        },
        "@types/phantomjs": {
            "version": "1.9.29",
            "resolved": "https://registry.npmjs.org/@types/phantomjs/-/phantomjs-1.9.29.tgz",
            "integrity": "sha1-a/qep0ai1qwdkI1sXN1KImwk5N0="
        },
        "@types/request-promise-native": {
            "version": "1.0.15",
            "resolved": "https://registry.npmjs.org/@types/request-promise-native/-/request-promise-native-1.0.15.tgz",
            "integrity": "sha512-uYPjTChD9TpjlvbBjNpZfNc64TBejBS52u7pbxhQLnlxw+5Em7wLb6DU2wdJVhJ2Mou7v50N0qgL4Gia5mmRYg==",
            "requires": {
                "@types/request": "2.47.0"
            },
            "dependencies": {
                "@types/node": {
                    "version": "10.3.1",
                    "resolved": "https://registry.npmjs.org/@types/node/-/node-10.3.1.tgz",
                    "integrity": "sha512-IsX9aDHDzJohkm3VCDB8tkzl5RQ34E/PFA29TQk6uDGb7Oc869ZBtmdKVDBzY3+h9GnXB8ssrRXEPVZrlIOPOw=="
                },
                "@types/request": {
                    "version": "2.47.0",
                    "resolved": "https://registry.npmjs.org/@types/request/-/request-2.47.0.tgz",
                    "integrity": "sha512-/KXM5oev+nNCLIgBjkwbk8VqxmzI56woD4VUxn95O+YeQ8hJzcSmIZ1IN3WexiqBb6srzDo2bdMbsXxgXNkz5Q==",
                    "requires": {
                        "@types/caseless": "0.12.1",
                        "@types/form-data": "2.2.1",
                        "@types/node": "10.3.1",
                        "@types/tough-cookie": "2.3.3"
                    }
                }
            }
        },
        "@types/tough-cookie": {
            "version": "2.3.3",
            "resolved": "https://registry.npmjs.org/@types/tough-cookie/-/tough-cookie-2.3.3.tgz",
            "integrity": "sha512-MDQLxNFRLasqS4UlkWMSACMKeSm1x4Q3TxzUC7KQUsh6RK1ZrQ0VEyE3yzXcBu+K8ejVj4wuX32eUG02yNp+YQ=="
        },
        "@types/winston": {
            "version": "2.3.9",
            "resolved": "https://registry.npmjs.org/@types/winston/-/winston-2.3.9.tgz",
            "integrity": "sha512-zzruYOEtNgfS3SBjcij1F6HlH6My5n8WrBNhP3fzaRM22ba70QBC2ATs18jGr88Fy43c0z8vFJv5wJankfxv2A==",
            "requires": {
                "@types/node": "10.3.5"
            },
            "dependencies": {
                "@types/node": {
                    "version": "10.3.5",
                    "resolved": "https://registry.npmjs.org/@types/node/-/node-10.3.5.tgz",
                    "integrity": "sha512-6lRwZN0Y3TuglwaaZN2XPocobmzLlhxcqDjKFjNYSsXG/TFAGYkCqkzZh4+ms8iTHHQE6gJXLHPV7TziVGeWhg=="
                }
            }
        }
    }
}
